
Microsoft Visual Studio Solution File, Format Version 12.00
# Visual Studio Version 17
VisualStudioVersion = 17.11.35222.181
MinimumVisualStudioVersion = 10.0.40219.1
Project("{9A19103F-16F7-4668-BE54-9A1E7A4F7556}") = "ToDoList.WebApi", "ToDoList.WebApi\ToDoList.WebApi.csproj", "{DC5A9A71-DE0A-47E1-A5EA-AD571DE7EF19}"
EndProject
Project("{9A19103F-16F7-4668-BE54-9A1E7A4F7556}") = "ToDoList.BLL", "ToDoList.BLL\ToDoList.BLL.csproj", "{EFE97BD9-5131-46F8-953B-959987D18CEA}"
EndProject
Project("{9A19103F-16F7-4668-BE54-9A1E7A4F7556}") = "ToDoList.DAL", "ToDoList.DAL\ToDoList.DAL.csproj", "{8735EE1B-86D3-452A-B119-4E0EDE0D5E5C}"
EndProject
Project("{E53339B2-1760-4266-BCC7-CA923CBCF16C}") = "docker-compose", "docker-compose.dcproj", "{DD488338-DE80-4A71-AA9F-4AA7E857E85A}"
EndProject
Global
	GlobalSection(SolutionConfigurationPlatforms) = preSolution
		Debug|Any CPU = Debug|Any CPU
		Release|Any CPU = Release|Any CPU
	EndGlobalSection
	GlobalSection(ProjectConfigurationPlatforms) = postSolution
		{DC5A9A71-DE0A-47E1-A5EA-AD571DE7EF19}.Debug|Any CPU.ActiveCfg = Debug|Any CPU
		{DC5A9A71-DE0A-47E1-A5EA-AD571DE7EF19}.Debug|Any CPU.Build.0 = Debug|Any CPU
		{DC5A9A71-DE0A-47E1-A5EA-AD571DE7EF19}.Release|Any CPU.ActiveCfg = Release|Any CPU
		{DC5A9A71-DE0A-47E1-A5EA-AD571DE7EF19}.Release|Any CPU.Build.0 = Release|Any CPU
		{EFE97BD9-5131-46F8-953B-959987D18CEA}.Debug|Any CPU.ActiveCfg = Debug|Any CPU
		{EFE97BD9-5131-46F8-953B-959987D18CEA}.Debug|Any CPU.Build.0 = Debug|Any CPU
		{EFE97BD9-5131-46F8-953B-959987D18CEA}.Release|Any CPU.ActiveCfg = Release|Any CPU
		{EFE97BD9-5131-46F8-953B-959987D18CEA}.Release|Any CPU.Build.0 = Release|Any CPU
		{8735EE1B-86D3-452A-B119-4E0EDE0D5E5C}.Debug|Any CPU.ActiveCfg = Debug|Any CPU
		{8735EE1B-86D3-452A-B119-4E0EDE0D5E5C}.Debug|Any CPU.Build.0 = Debug|Any CPU
		{8735EE1B-86D3-452A-B119-4E0EDE0D5E5C}.Release|Any CPU.ActiveCfg = Release|Any CPU
		{8735EE1B-86D3-452A-B119-4E0EDE0D5E5C}.Release|Any CPU.Build.0 = Release|Any CPU
		{DD488338-DE80-4A71-AA9F-4AA7E857E85A}.Debug|Any CPU.ActiveCfg = Debug|Any CPU
		{DD488338-DE80-4A71-AA9F-4AA7E857E85A}.Debug|Any CPU.Build.0 = Debug|Any CPU
		{DD488338-DE80-4A71-AA9F-4AA7E857E85A}.Release|Any CPU.ActiveCfg = Release|Any CPU
		{DD488338-DE80-4A71-AA9F-4AA7E857E85A}.Release|Any CPU.Build.0 = Release|Any CPU
	EndGlobalSection
	GlobalSection(SolutionProperties) = preSolution
		HideSolutionNode = FALSE
	EndGlobalSection
	GlobalSection(ExtensibilityGlobals) = postSolution
		SolutionGuid = {BDA45366-274A-4A1B-96B0-FF94260214DA}
	EndGlobalSection
EndGlobal
